
Microsoft Visual Studio Solution File, Format Version 12.00
# Visual Studio Version 16
VisualStudioVersion = 16.0.30907.101
MinimumVisualStudioVersion = 10.0.40219.1
Project("{FAE04EC0-301F-11D3-BF4B-00C04F79EFBC}") = "MatchGame", "MatchGame\MatchGame.csproj", "{72F60B7E-2BC0-4B60-89A3-6693A5C38B11}"
EndProject
Global
	GlobalSection(SolutionConfigurationPlatforms) = preSolution
		Debug|Any CPU = Debug|Any CPU
		Release|Any CPU = Release|Any CPU
	EndGlobalSection
	GlobalSection(ProjectConfigurationPlatforms) = postSolution
		{72F60B7E-2BC0-4B60-89A3-6693A5C38B11}.Debug|Any CPU.ActiveCfg = Debug|Any CPU
		{72F60B7E-2BC0-4B60-89A3-6693A5C38B11}.Debug|Any CPU.Build.0 = Debug|Any CPU
		{72F60B7E-2BC0-4B60-89A3-6693A5C38B11}.Release|Any CPU.ActiveCfg = Release|Any CPU
		{72F60B7E-2BC0-4B60-89A3-6693A5C38B11}.Release|Any CPU.Build.0 = Release|Any CPU
	EndGlobalSection
	GlobalSection(SolutionProperties) = preSolution
		HideSolutionNode = FALSE
	EndGlobalSection
	GlobalSection(ExtensibilityGlobals) = postSolution
		SolutionGuid = {398C3EE0-36C8-4DBD-8002-31FBEE7E39E4}
	EndGlobalSection
EndGlobal
